
Microsoft Visual Studio Solution File, Format Version 12.00
# Visual Studio Version 17
VisualStudioVersion = 17.13.35931.197 d17.13
MinimumVisualStudioVersion = 10.0.40219.1
Project("{FAE04EC0-301F-11D3-BF4B-00C04F79EFBC}") = "BMI", "BMI\BMI.csproj", "{3E3405D0-E842-4E3D-BB01-BC86368F8DD5}"
EndProject
Global
	GlobalSection(SolutionConfigurationPlatforms) = preSolution
		Debug|Any CPU = Debug|Any CPU
		Release|Any CPU = Release|Any CPU
	EndGlobalSection
	GlobalSection(ProjectConfigurationPlatforms) = postSolution
		{3E3405D0-E842-4E3D-BB01-BC86368F8DD5}.Debug|Any CPU.ActiveCfg = Debug|Any CPU
		{3E3405D0-E842-4E3D-BB01-BC86368F8DD5}.Debug|Any CPU.Build.0 = Debug|Any CPU
		{3E3405D0-E842-4E3D-BB01-BC86368F8DD5}.Release|Any CPU.ActiveCfg = Release|Any CPU
		{3E3405D0-E842-4E3D-BB01-BC86368F8DD5}.Release|Any CPU.Build.0 = Release|Any CPU
	EndGlobalSection
	GlobalSection(SolutionProperties) = preSolution
		HideSolutionNode = FALSE
	EndGlobalSection
	GlobalSection(ExtensibilityGlobals) = postSolution
		SolutionGuid = {587B917C-B0BD-4AB0-AA12-E767D98675AD}
	EndGlobalSection
EndGlobal
